# This file is automatically @generated by Cargo.
# It is not intended for manual editing.
version = 4

[[package]]
name = "puce8gb-cli"
version = "0.1.0"
dependencies = [
 "puce8gb-core",
]

[[package]]
name = "puce8gb-core"
version = "0.1.0"

[[package]]
name = "puce8gb-desktop"
version = "0.1.0"
dependencies = [
 "puce8gb-core",
]
